--- 
specs: 
- activesupport: 
    version: 2.3.2
- hpricot: 
    version: 0.8.1
- nokogiri: 
    version: 1.4.3.1
- mechanize: 
    version: 0.9.0
- simple-rss: 
    version: "1.2"
hash: bf42949535e36c8b73358e6bf3a58bc01474ed85
sources: 
- Rubygems: 
    uri: http://gemcutter.org
dependencies: 
  mechanize: 
    version: = 0.9.0
    group: 
    - :default
  simple-rss: 
    version: = 1.2
    group: 
    - :default
  activesupport: 
    version: = 2.3.2
    group: 
    - :default
  hpricot: 
    version: = 0.8.1
    group: 
    - :default
